
Microsoft Visual Studio Solution File, Format Version 12.00
# Visual Studio Version 16
VisualStudioVersion = 16.0.32413.511
MinimumVisualStudioVersion = 10.0.40219.1
Project("{FAE04EC0-301F-11D3-BF4B-00C04F79EFBC}") = "CurrencyApp", "CurrencyApp\CurrencyApp.csproj", "{1064DADB-05EE-4AAA-B29F-764B149FB33B}"
EndProject
Global
	GlobalSection(SolutionConfigurationPlatforms) = preSolution
		Debug|Any CPU = Debug|Any CPU
		Release|Any CPU = Release|Any CPU
	EndGlobalSection
	GlobalSection(ProjectConfigurationPlatforms) = postSolution
		{1064DADB-05EE-4AAA-B29F-764B149FB33B}.Debug|Any CPU.ActiveCfg = Debug|Any CPU
		{1064DADB-05EE-4AAA-B29F-764B149FB33B}.Debug|Any CPU.Build.0 = Debug|Any CPU
		{1064DADB-05EE-4AAA-B29F-764B149FB33B}.Release|Any CPU.ActiveCfg = Release|Any CPU
		{1064DADB-05EE-4AAA-B29F-764B149FB33B}.Release|Any CPU.Build.0 = Release|Any CPU
	EndGlobalSection
	GlobalSection(SolutionProperties) = preSolution
		HideSolutionNode = FALSE
	EndGlobalSection
	GlobalSection(ExtensibilityGlobals) = postSolution
		SolutionGuid = {D99E28A1-966B-46F0-8C48-DE279F9DB11A}
	EndGlobalSection
EndGlobal
